
Microsoft Visual Studio Solution File, Format Version 12.00
# Visual Studio Version 16
VisualStudioVersion = 16.0.32407.337
MinimumVisualStudioVersion = 10.0.40219.1
Project("{FAE04EC0-301F-11D3-BF4B-00C04F79EFBC}") = "task1", "task1\task1.csproj", "{504C8C80-F233-429E-9565-C0CD3EB2CAED}"
EndProject
Global
	GlobalSection(SolutionConfigurationPlatforms) = preSolution
		Debug|Any CPU = Debug|Any CPU
		Release|Any CPU = Release|Any CPU
	EndGlobalSection
	GlobalSection(ProjectConfigurationPlatforms) = postSolution
		{504C8C80-F233-429E-9565-C0CD3EB2CAED}.Debug|Any CPU.ActiveCfg = Debug|Any CPU
		{504C8C80-F233-429E-9565-C0CD3EB2CAED}.Debug|Any CPU.Build.0 = Debug|Any CPU
		{504C8C80-F233-429E-9565-C0CD3EB2CAED}.Release|Any CPU.ActiveCfg = Release|Any CPU
		{504C8C80-F233-429E-9565-C0CD3EB2CAED}.Release|Any CPU.Build.0 = Release|Any CPU
	EndGlobalSection
	GlobalSection(SolutionProperties) = preSolution
		HideSolutionNode = FALSE
	EndGlobalSection
	GlobalSection(ExtensibilityGlobals) = postSolution
		SolutionGuid = {F127BDC5-C5FD-4CC8-81FE-91E29DB48492}
	EndGlobalSection
EndGlobal
